
Microsoft Visual Studio Solution File, Format Version 12.00
# Visual Studio Version 17
VisualStudioVersion = 17.12.35728.132
MinimumVisualStudioVersion = 10.0.40219.1
Project("{FAE04EC0-301F-11D3-BF4B-00C04F79EFBC}") = "QuickTestProject", "QuickTestProject\QuickTestProject.csproj", "{8BAE068F-59AE-4405-8179-55D600C6743C}"
EndProject
Project("{FAE04EC0-301F-11D3-BF4B-00C04F79EFBC}") = "QuickTickLib", "QuickTickLib\QuickTickLib.csproj", "{B3B62613-06BD-45B4-95F0-1F0076D1B41E}"
EndProject
Project("{FAE04EC0-301F-11D3-BF4B-00C04F79EFBC}") = "QuickTestProjectNetFramework", "QuickTestProjectNetFramework\QuickTestProjectNetFramework.csproj", "{403A72CA-519F-E2D4-5CE9-F668ACDC2C0E}"
EndProject
Project("{FAE04EC0-301F-11D3-BF4B-00C04F79EFBC}") = "QuickTickTimingReportGenerator", "QuickTickTimingReportGenerator\QuickTickTimingReportGenerator.csproj", "{92D3CA21-9E4F-4BA2-81E6-5FE236D70D9E}"
EndProject
Global
	GlobalSection(SolutionConfigurationPlatforms) = preSolution
		Debug|Any CPU = Debug|Any CPU
		Release|Any CPU = Release|Any CPU
	EndGlobalSection
	GlobalSection(ProjectConfigurationPlatforms) = postSolution
		{8BAE068F-59AE-4405-8179-55D600C6743C}.Debug|Any CPU.ActiveCfg = Debug|Any CPU
		{8BAE068F-59AE-4405-8179-55D600C6743C}.Debug|Any CPU.Build.0 = Debug|Any CPU
		{8BAE068F-59AE-4405-8179-55D600C6743C}.Release|Any CPU.ActiveCfg = Release|Any CPU
		{8BAE068F-59AE-4405-8179-55D600C6743C}.Release|Any CPU.Build.0 = Release|Any CPU
		{B3B62613-06BD-45B4-95F0-1F0076D1B41E}.Debug|Any CPU.ActiveCfg = Debug|Any CPU
		{B3B62613-06BD-45B4-95F0-1F0076D1B41E}.Debug|Any CPU.Build.0 = Debug|Any CPU
		{B3B62613-06BD-45B4-95F0-1F0076D1B41E}.Release|Any CPU.ActiveCfg = Release|Any CPU
		{B3B62613-06BD-45B4-95F0-1F0076D1B41E}.Release|Any CPU.Build.0 = Release|Any CPU
		{403A72CA-519F-E2D4-5CE9-F668ACDC2C0E}.Debug|Any CPU.ActiveCfg = Debug|Any CPU
		{403A72CA-519F-E2D4-5CE9-F668ACDC2C0E}.Debug|Any CPU.Build.0 = Debug|Any CPU
		{403A72CA-519F-E2D4-5CE9-F668ACDC2C0E}.Release|Any CPU.ActiveCfg = Release|Any CPU
		{403A72CA-519F-E2D4-5CE9-F668ACDC2C0E}.Release|Any CPU.Build.0 = Release|Any CPU
		{92D3CA21-9E4F-4BA2-81E6-5FE236D70D9E}.Debug|Any CPU.ActiveCfg = Debug|Any CPU
		{92D3CA21-9E4F-4BA2-81E6-5FE236D70D9E}.Debug|Any CPU.Build.0 = Debug|Any CPU
		{92D3CA21-9E4F-4BA2-81E6-5FE236D70D9E}.Release|Any CPU.ActiveCfg = Release|Any CPU
		{92D3CA21-9E4F-4BA2-81E6-5FE236D70D9E}.Release|Any CPU.Build.0 = Release|Any CPU
	EndGlobalSection
	GlobalSection(SolutionProperties) = preSolution
		HideSolutionNode = FALSE
	EndGlobalSection
	GlobalSection(ExtensibilityGlobals) = postSolution
		SolutionGuid = {AF854738-E21B-4122-870D-30B704446078}
	EndGlobalSection
EndGlobal
